
Microsoft Visual Studio Solution File, Format Version 12.00
# Visual Studio Version 17
VisualStudioVersion = 17.1.32328.378
MinimumVisualStudioVersion = 10.0.40219.1
Project("{9A19103F-16F7-4668-BE54-9A1E7A4F7556}") = "AudioConverter", "AudioConverter\AudioConverter.csproj", "{EA2622A0-6DFC-474A-A6EF-1B7B5CCEC111}"
EndProject
Global
	GlobalSection(SolutionConfigurationPlatforms) = preSolution
		Debug|Any CPU = Debug|Any CPU
		Release|Any CPU = Release|Any CPU
	EndGlobalSection
	GlobalSection(ProjectConfigurationPlatforms) = postSolution
		{EA2622A0-6DFC-474A-A6EF-1B7B5CCEC111}.Debug|Any CPU.ActiveCfg = Debug|Any CPU
		{EA2622A0-6DFC-474A-A6EF-1B7B5CCEC111}.Debug|Any CPU.Build.0 = Debug|Any CPU
		{EA2622A0-6DFC-474A-A6EF-1B7B5CCEC111}.Release|Any CPU.ActiveCfg = Release|Any CPU
		{EA2622A0-6DFC-474A-A6EF-1B7B5CCEC111}.Release|Any CPU.Build.0 = Release|Any CPU
	EndGlobalSection
	GlobalSection(SolutionProperties) = preSolution
		HideSolutionNode = FALSE
	EndGlobalSection
	GlobalSection(ExtensibilityGlobals) = postSolution
		SolutionGuid = {D6414EB5-B132-41E1-8C87-566BB0CC135F}
	EndGlobalSection
EndGlobal
